
Microsoft Visual Studio Solution File, Format Version 12.00
# Visual Studio Version 17
VisualStudioVersion = 17.1.32210.238
MinimumVisualStudioVersion = 10.0.40219.1
Project("{FAE04EC0-301F-11D3-BF4B-00C04F79EFBC}") = "Shoppingcart", "Shoppingcart\Shoppingcart.csproj", "{2AD0E84B-BEF2-4376-962A-AAD96533BB5E}"
EndProject
Global
	GlobalSection(SolutionConfigurationPlatforms) = preSolution
		Debug|Any CPU = Debug|Any CPU
		Release|Any CPU = Release|Any CPU
	EndGlobalSection
	GlobalSection(ProjectConfigurationPlatforms) = postSolution
		{2AD0E84B-BEF2-4376-962A-AAD96533BB5E}.Debug|Any CPU.ActiveCfg = Debug|Any CPU
		{2AD0E84B-BEF2-4376-962A-AAD96533BB5E}.Debug|Any CPU.Build.0 = Debug|Any CPU
		{2AD0E84B-BEF2-4376-962A-AAD96533BB5E}.Release|Any CPU.ActiveCfg = Release|Any CPU
		{2AD0E84B-BEF2-4376-962A-AAD96533BB5E}.Release|Any CPU.Build.0 = Release|Any CPU
	EndGlobalSection
	GlobalSection(SolutionProperties) = preSolution
		HideSolutionNode = FALSE
	EndGlobalSection
	GlobalSection(ExtensibilityGlobals) = postSolution
		SolutionGuid = {284F0E6F-3276-4344-BCBC-2A095C4B049A}
	EndGlobalSection
EndGlobal
